// !$*UTF8*$!
{
	archiveVersion = 1;
	classes = {
	};
	objectVersion = 50;
	objects = {

/* Begin PBXBuildFile section */
		4B0704B821BFAC2000B49FD2 /* Post+CoreDataProperties.swift in Sources */ = {isa = PBXBuildFile; fileRef = 4B0704B721BFAC2000B49FD2 /* Post+CoreDataProperties.swift */; };
		4B1D7F2021B83868008AD64C /* VKPost.swift in Sources */ = {isa = PBXBuildFile; fileRef = 4B1D7F1F21B83868008AD64C /* VKPost.swift */; };
		4B3B9D4A21B166AA009AE973 /* AppDelegate.swift in Sources */ = {isa = PBXBuildFile; fileRef = 4B3B9D4921B166AA009AE973 /* AppDelegate.swift */; };
		4B3B9D4F21B166AA009AE973 /* Main.storyboard in Resources */ = {isa = PBXBuildFile; fileRef = 4B3B9D4D21B166AA009AE973 /* Main.storyboard */; };
		4B3B9D5421B166AC009AE973 /* Assets.xcassets in Resources */ = {isa = PBXBuildFile; fileRef = 4B3B9D5321B166AC009AE973 /* Assets.xcassets */; };
		4B3B9D5721B166AC009AE973 /* LaunchScreen.storyboard in Resources */ = {isa = PBXBuildFile; fileRef = 4B3B9D5521B166AC009AE973 /* LaunchScreen.storyboard */; };
		4B3B9D6221B1681A009AE973 /* DataManagerProtocol.swift in Sources */ = {isa = PBXBuildFile; fileRef = 4B3B9D6121B1681A009AE973 /* DataManagerProtocol.swift */; };
		4B3B9D6421B16830009AE973 /* RequestManagerProtocol.swift in Sources */ = {isa = PBXBuildFile; fileRef = 4B3B9D6321B16830009AE973 /* RequestManagerProtocol.swift */; };
		4B3B9D6621B1683A009AE973 /* RequestManager.swift in Sources */ = {isa = PBXBuildFile; fileRef = 4B3B9D6521B1683A009AE973 /* RequestManager.swift */; };
		4B3B9D6821B16851009AE973 /* DataManager.swift in Sources */ = {isa = PBXBuildFile; fileRef = 4B3B9D6721B16851009AE973 /* DataManager.swift */; };
		4B3B9D6A21B17502009AE973 /* SplashViewController.swift in Sources */ = {isa = PBXBuildFile; fileRef = 4B3B9D6921B17502009AE973 /* SplashViewController.swift */; };
		4B3B9D6C21B19497009AE973 /* RegistrationViewController.swift in Sources */ = {isa = PBXBuildFile; fileRef = 4B3B9D6B21B19497009AE973 /* RegistrationViewController.swift */; };
		4B3B9D6F21B27819009AE973 /* Constants.swift in Sources */ = {isa = PBXBuildFile; fileRef = 4B3B9D6E21B27819009AE973 /* Constants.swift */; };
		4B5C333621B2FE2C00886419 /* TabViewController.swift in Sources */ = {isa = PBXBuildFile; fileRef = 4B5C333521B2FE2C00886419 /* TabViewController.swift */; };
		4B5C333821B2FF8000886419 /* SettingsViewController.swift in Sources */ = {isa = PBXBuildFile; fileRef = 4B5C333721B2FF8000886419 /* SettingsViewController.swift */; };
		4B5C333A21B2FF9300886419 /* UserViewController.swift in Sources */ = {isa = PBXBuildFile; fileRef = 4B5C333921B2FF9300886419 /* UserViewController.swift */; };
		4B5C333C21B302F600886419 /* FeedViewController.swift in Sources */ = {isa = PBXBuildFile; fileRef = 4B5C333B21B302F600886419 /* FeedViewController.swift */; };
		4B5C333E21B303AB00886419 /* PostTableViewCell.swift in Sources */ = {isa = PBXBuildFile; fileRef = 4B5C333D21B303AB00886419 /* PostTableViewCell.swift */; };
		4B68877321B69EFA00B47920 /* VKNews.xcdatamodeld in Sources */ = {isa = PBXBuildFile; fileRef = 4B68877121B69EFA00B47920 /* VKNews.xcdatamodeld */; };
		4B70B6C321B582F100722FC2 /* VKClient.swift in Sources */ = {isa = PBXBuildFile; fileRef = 4B70B6C221B582F100722FC2 /* VKClient.swift */; };
		4B70B6C521B5866B00722FC2 /* VKManager.swift in Sources */ = {isa = PBXBuildFile; fileRef = 4B70B6C421B5866B00722FC2 /* VKManager.swift */; };
		4B8F83AE21B9A1CA00614EA0 /* VKUser.swift in Sources */ = {isa = PBXBuildFile; fileRef = 4B8F83AD21B9A1CA00614EA0 /* VKUser.swift */; };
		4B964EB221B54FD900A08639 /* AuthWebViewController.swift in Sources */ = {isa = PBXBuildFile; fileRef = 4B964EB121B54FD900A08639 /* AuthWebViewController.swift */; };
		4B9D2EE721BA5E2A005B0F3C /* UserProtocol.swift in Sources */ = {isa = PBXBuildFile; fileRef = 4B9D2EE621BA5E2A005B0F3C /* UserProtocol.swift */; };
		4B9D2EF421BA8D64005B0F3C /* PostProtocol.swift in Sources */ = {isa = PBXBuildFile; fileRef = 4B9D2EF321BA8D64005B0F3C /* PostProtocol.swift */; };
		4BBEA2F821BE65A5009635BD /* Post+CoreDataClass.swift in Sources */ = {isa = PBXBuildFile; fileRef = 4BBEA2F621BE65A5009635BD /* Post+CoreDataClass.swift */; };
		4BBEA2F921BE65A5009635BD /* Post+CoreDataProperties.swift in Sources */ = {isa = PBXBuildFile; fileRef = 4BBEA2F721BE65A5009635BD /* Post+CoreDataProperties.swift */; };
		4BBEA2FB21BE6EFA009635BD /* GroupProtocol.swift in Sources */ = {isa = PBXBuildFile; fileRef = 4BBEA2FA21BE6EFA009635BD /* GroupProtocol.swift */; };
		4BC8CEBC21BAFEED004DF6EA /* User+CoreDataClass.swift in Sources */ = {isa = PBXBuildFile; fileRef = 4BC8CEBA21BAFEEC004DF6EA /* User+CoreDataClass.swift */; };
		4BC8CEBD21BAFEED004DF6EA /* User+CoreDataProperties.swift in Sources */ = {isa = PBXBuildFile; fileRef = 4BC8CEBB21BAFEED004DF6EA /* User+CoreDataProperties.swift */; };
		4BC8CEBF21BBD085004DF6EA /* PostResponseProtocol.swift in Sources */ = {isa = PBXBuildFile; fileRef = 4BC8CEBE21BBD085004DF6EA /* PostResponseProtocol.swift */; };
		4BC8CEC121BBD09C004DF6EA /* UserResponseProtocol.swift in Sources */ = {isa = PBXBuildFile; fileRef = 4BC8CEC021BBD09C004DF6EA /* UserResponseProtocol.swift */; };
		4BC8CED321BC3D96004DF6EA /* VKGroup.swift in Sources */ = {isa = PBXBuildFile; fileRef = 4BC8CED221BC3D96004DF6EA /* VKGroup.swift */; };
/* End PBXBuildFile section */

/* Begin PBXFileReference section */
		4B0704B721BFAC2000B49FD2 /* Post+CoreDataProperties.swift */ = {isa = PBXFileReference; lastKnownFileType = sourcecode.swift; name = "Post+CoreDataProperties.swift"; path = "VKNews/Entities/Post+CoreDataProperties.swift"; sourceTree = "<group>"; };
		4B1D7F1F21B83868008AD64C /* VKPost.swift */ = {isa = PBXFileReference; lastKnownFileType = sourcecode.swift; path = VKPost.swift; sourceTree = "<group>"; };
		4B3B9D4621B166AA009AE973 /* VKNews.app */ = {isa = PBXFileReference; explicitFileType = wrapper.application; includeInIndex = 0; path = VKNews.app; sourceTree = BUILT_PRODUCTS_DIR; };
		4B3B9D4921B166AA009AE973 /* AppDelegate.swift */ = {isa = PBXFileReference; lastKnownFileType = sourcecode.swift; path = AppDelegate.swift; sourceTree = "<group>"; };
		4B3B9D4E21B166AA009AE973 /* Base */ = {isa = PBXFileReference; lastKnownFileType = file.storyboard; name = Base; path = Base.lproj/Main.storyboard; sourceTree = "<group>"; };
		4B3B9D5321B166AC009AE973 /* Assets.xcassets */ = {isa = PBXFileReference; lastKnownFileType = folder.assetcatalog; path = Assets.xcassets; sourceTree = "<group>"; };
		4B3B9D5621B166AC009AE973 /* Base */ = {isa = PBXFileReference; lastKnownFileType = file.storyboard; name = Base; path = Base.lproj/LaunchScreen.storyboard; sourceTree = "<group>"; };
		4B3B9D5821B166AC009AE973 /* Info.plist */ = {isa = PBXFileReference; lastKnownFileType = text.plist.xml; path = Info.plist; sourceTree = "<group>"; };
		4B3B9D6121B1681A009AE973 /* DataManagerProtocol.swift */ = {isa = PBXFileReference; lastKnownFileType = sourcecode.swift; path = DataManagerProtocol.swift; sourceTree = "<group>"; };
		4B3B9D6321B16830009AE973 /* RequestManagerProtocol.swift */ = {isa = PBXFileReference; lastKnownFileType = sourcecode.swift; path = RequestManagerProtocol.swift; sourceTree = "<group>"; };
		4B3B9D6521B1683A009AE973 /* RequestManager.swift */ = {isa = PBXFileReference; lastKnownFileType = sourcecode.swift; path = RequestManager.swift; sourceTree = "<group>"; };
		4B3B9D6721B16851009AE973 /* DataManager.swift */ = {isa = PBXFileReference; lastKnownFileType = sourcecode.swift; path = DataManager.swift; sourceTree = "<group>"; };
		4B3B9D6921B17502009AE973 /* SplashViewController.swift */ = {isa = PBXFileReference; lastKnownFileType = sourcecode.swift; path = SplashViewController.swift; sourceTree = "<group>"; };
		4B3B9D6B21B19497009AE973 /* RegistrationViewController.swift */ = {isa = PBXFileReference; lastKnownFileType = sourcecode.swift; path = RegistrationViewController.swift; sourceTree = "<group>"; };
		4B3B9D6E21B27819009AE973 /* Constants.swift */ = {isa = PBXFileReference; lastKnownFileType = sourcecode.swift; path = Constants.swift; sourceTree = "<group>"; };
		4B5C333521B2FE2C00886419 /* TabViewController.swift */ = {isa = PBXFileReference; lastKnownFileType = sourcecode.swift; path = TabViewController.swift; sourceTree = "<group>"; };
		4B5C333721B2FF8000886419 /* SettingsViewController.swift */ = {isa = PBXFileReference; lastKnownFileType = sourcecode.swift; path = SettingsViewController.swift; sourceTree = "<group>"; };
		4B5C333921B2FF9300886419 /* UserViewController.swift */ = {isa = PBXFileReference; lastKnownFileType = sourcecode.swift; path = UserViewController.swift; sourceTree = "<group>"; };
		4B5C333B21B302F600886419 /* FeedViewController.swift */ = {isa = PBXFileReference; lastKnownFileType = sourcecode.swift; path = FeedViewController.swift; sourceTree = "<group>"; };
		4B5C333D21B303AB00886419 /* PostTableViewCell.swift */ = {isa = PBXFileReference; lastKnownFileType = sourcecode.swift; path = PostTableViewCell.swift; sourceTree = "<group>"; };
		4B68877221B69EFA00B47920 /* VKNews.xcdatamodel */ = {isa = PBXFileReference; lastKnownFileType = wrapper.xcdatamodel; path = VKNews.xcdatamodel; sourceTree = "<group>"; };
		4B70B6C221B582F100722FC2 /* VKClient.swift */ = {isa = PBXFileReference; lastKnownFileType = sourcecode.swift; path = VKClient.swift; sourceTree = "<group>"; };
		4B70B6C421B5866B00722FC2 /* VKManager.swift */ = {isa = PBXFileReference; lastKnownFileType = sourcecode.swift; path = VKManager.swift; sourceTree = "<group>"; };
		4B8F83AD21B9A1CA00614EA0 /* VKUser.swift */ = {isa = PBXFileReference; lastKnownFileType = sourcecode.swift; path = VKUser.swift; sourceTree = "<group>"; };
		4B964EB121B54FD900A08639 /* AuthWebViewController.swift */ = {isa = PBXFileReference; lastKnownFileType = sourcecode.swift; path = AuthWebViewController.swift; sourceTree = "<group>"; };
		4B9D2EE621BA5E2A005B0F3C /* UserProtocol.swift */ = {isa = PBXFileReference; lastKnownFileType = sourcecode.swift; path = UserProtocol.swift; sourceTree = "<group>"; };
		4B9D2EF321BA8D64005B0F3C /* PostProtocol.swift */ = {isa = PBXFileReference; lastKnownFileType = sourcecode.swift; path = PostProtocol.swift; sourceTree = "<group>"; };
		4BBEA2F621BE65A5009635BD /* Post+CoreDataClass.swift */ = {isa = PBXFileReference; lastKnownFileType = sourcecode.swift; path = "Post+CoreDataClass.swift"; sourceTree = "<group>"; };
		4BBEA2F721BE65A5009635BD /* Post+CoreDataProperties.swift */ = {isa = PBXFileReference; lastKnownFileType = sourcecode.swift; path = "Post+CoreDataProperties.swift"; sourceTree = "<group>"; };
		4BBEA2FA21BE6EFA009635BD /* GroupProtocol.swift */ = {isa = PBXFileReference; lastKnownFileType = sourcecode.swift; path = GroupProtocol.swift; sourceTree = "<group>"; };
		4BC8CEBA21BAFEEC004DF6EA /* User+CoreDataClass.swift */ = {isa = PBXFileReference; lastKnownFileType = sourcecode.swift; path = "User+CoreDataClass.swift"; sourceTree = "<group>"; };
		4BC8CEBB21BAFEED004DF6EA /* User+CoreDataProperties.swift */ = {isa = PBXFileReference; lastKnownFileType = sourcecode.swift; path = "User+CoreDataProperties.swift"; sourceTree = "<group>"; };
		4BC8CEBE21BBD085004DF6EA /* PostResponseProtocol.swift */ = {isa = PBXFileReference; lastKnownFileType = sourcecode.swift; path = PostResponseProtocol.swift; sourceTree = "<group>"; };
		4BC8CEC021BBD09C004DF6EA /* UserResponseProtocol.swift */ = {isa = PBXFileReference; lastKnownFileType = sourcecode.swift; path = UserResponseProtocol.swift; sourceTree = "<group>"; };
		4BC8CED221BC3D96004DF6EA /* VKGroup.swift */ = {isa = PBXFileReference; lastKnownFileType = sourcecode.swift; path = VKGroup.swift; sourceTree = "<group>"; };
		4BE3DFD821BEFDCA00582C49 /* VKNews v2.xcdatamodel */ = {isa = PBXFileReference; lastKnownFileType = wrapper.xcdatamodel; path = "VKNews v2.xcdatamodel"; sourceTree = "<group>"; };
/* End PBXFileReference section */

/* Begin PBXFrameworksBuildPhase section */
		4B3B9D4321B166AA009AE973 /* Frameworks */ = {
			isa = PBXFrameworksBuildPhase;
			buildActionMask = 2147483647;
			files = (
			);
			runOnlyForDeploymentPostprocessing = 0;
		};
/* End PBXFrameworksBuildPhase section */

/* Begin PBXGroup section */
		4B3B9D3D21B166AA009AE973 = {
			isa = PBXGroup;
			children = (
				4B0704B721BFAC2000B49FD2 /* Post+CoreDataProperties.swift */,
				4B3B9D4821B166AA009AE973 /* VKNews */,
				4B3B9D4721B166AA009AE973 /* Products */,
			);
			sourceTree = "<group>";
		};
		4B3B9D4721B166AA009AE973 /* Products */ = {
			isa = PBXGroup;
			children = (
				4B3B9D4621B166AA009AE973 /* VKNews.app */,
			);
			name = Products;
			sourceTree = "<group>";
		};
		4B3B9D4821B166AA009AE973 /* VKNews */ = {
			isa = PBXGroup;
			children = (
				4B3B9D5E21B16738009AE973 /* Controllers */,
				4B9D2EE121BA5D6B005B0F3C /* Entities */,
				4B3B9D5F21B1674C009AE973 /* DataManager */,
				4B3B9D6021B167A6009AE973 /* RequestManager */,
				4B5C334221B3173500886419 /* VKClient */,
				4B9D2EE821BA5F30005B0F3C /* Protocols */,
				4B3B9D6D21B27800009AE973 /* Utils */,
				4B3B9D4921B166AA009AE973 /* AppDelegate.swift */,
				4B3B9D4D21B166AA009AE973 /* Main.storyboard */,
				4B3B9D5321B166AC009AE973 /* Assets.xcassets */,
				4B3B9D5521B166AC009AE973 /* LaunchScreen.storyboard */,
				4B3B9D5821B166AC009AE973 /* Info.plist */,
				4B68877121B69EFA00B47920 /* VKNews.xcdatamodeld */,
			);
			path = VKNews;
			sourceTree = "<group>";
		};
		4B3B9D5E21B16738009AE973 /* Controllers */ = {
			isa = PBXGroup;
			children = (
				4B964EB321B54FF700A08639 /* Authorization */,
				4B964EB421B5500F00A08639 /* NewsFeed */,
				4B5C333921B2FF9300886419 /* UserViewController.swift */,
				4B5C333721B2FF8000886419 /* SettingsViewController.swift */,
				4B5C333521B2FE2C00886419 /* TabViewController.swift */,
			);
			path = Controllers;
			sourceTree = "<group>";
		};
		4B3B9D5F21B1674C009AE973 /* DataManager */ = {
			isa = PBXGroup;
			children = (
				4B3B9D6721B16851009AE973 /* DataManager.swift */,
				4B3B9D6121B1681A009AE973 /* DataManagerProtocol.swift */,
			);
			path = DataManager;
			sourceTree = "<group>";
		};
		4B3B9D6021B167A6009AE973 /* RequestManager */ = {
			isa = PBXGroup;
			children = (
				4B3B9D6521B1683A009AE973 /* RequestManager.swift */,
				4B3B9D6321B16830009AE973 /* RequestManagerProtocol.swift */,
			);
			path = RequestManager;
			sourceTree = "<group>";
		};
		4B3B9D6D21B27800009AE973 /* Utils */ = {
			isa = PBXGroup;
			children = (
				4B3B9D6E21B27819009AE973 /* Constants.swift */,
			);
			path = Utils;
			sourceTree = "<group>";
		};
		4B5C334221B3173500886419 /* VKClient */ = {
			isa = PBXGroup;
			children = (
				4B70B6C421B5866B00722FC2 /* VKManager.swift */,
				4B1D7F1F21B83868008AD64C /* VKPost.swift */,
				4B8F83AD21B9A1CA00614EA0 /* VKUser.swift */,
				4B70B6C221B582F100722FC2 /* VKClient.swift */,
				4BC8CED221BC3D96004DF6EA /* VKGroup.swift */,
			);
			path = VKClient;
			sourceTree = "<group>";
		};
		4B964EB321B54FF700A08639 /* Authorization */ = {
			isa = PBXGroup;
			children = (
				4B3B9D6921B17502009AE973 /* SplashViewController.swift */,
				4B3B9D6B21B19497009AE973 /* RegistrationViewController.swift */,
				4B964EB121B54FD900A08639 /* AuthWebViewController.swift */,
			);
			path = Authorization;
			sourceTree = "<group>";
		};
		4B964EB421B5500F00A08639 /* NewsFeed */ = {
			isa = PBXGroup;
			children = (
				4B5C333B21B302F600886419 /* FeedViewController.swift */,
				4B5C333D21B303AB00886419 /* PostTableViewCell.swift */,
			);
			path = NewsFeed;
			sourceTree = "<group>";
		};
		4B9D2EE121BA5D6B005B0F3C /* Entities */ = {
			isa = PBXGroup;
			children = (
				4BC8CEBA21BAFEEC004DF6EA /* User+CoreDataClass.swift */,
				4BC8CEBB21BAFEED004DF6EA /* User+CoreDataProperties.swift */,
				4BBEA2F621BE65A5009635BD /* Post+CoreDataClass.swift */,
				4BBEA2F721BE65A5009635BD /* Post+CoreDataProperties.swift */,
			);
			path = Entities;
			sourceTree = "<group>";
		};
		4B9D2EE821BA5F30005B0F3C /* Protocols */ = {
			isa = PBXGroup;
			children = (
				4B9D2EE621BA5E2A005B0F3C /* UserProtocol.swift */,
				4B9D2EF321BA8D64005B0F3C /* PostProtocol.swift */,
				4BBEA2FA21BE6EFA009635BD /* GroupProtocol.swift */,
				4BC8CEBE21BBD085004DF6EA /* PostResponseProtocol.swift */,
				4BC8CEC021BBD09C004DF6EA /* UserResponseProtocol.swift */,
			);
			path = Protocols;
			sourceTree = "<group>";
		};
/* End PBXGroup section */

/* Begin PBXNativeTarget section */
		4B3B9D4521B166AA009AE973 /* VKNews */ = {
			isa = PBXNativeTarget;
			buildConfigurationList = 4B3B9D5B21B166AC009AE973 /* Build configuration list for PBXNativeTarget "VKNews" */;
			buildPhases = (
				4B3B9D4221B166AA009AE973 /* Sources */,
				4B3B9D4321B166AA009AE973 /* Frameworks */,
				4B3B9D4421B166AA009AE973 /* Resources */,
			);
			buildRules = (
			);
			dependencies = (
			);
			name = VKNews;
			productName = VKNews;
			productReference = 4B3B9D4621B166AA009AE973 /* VKNews.app */;
			productType = "com.apple.product-type.application";
		};
/* End PBXNativeTarget section */

/* Begin PBXProject section */
		4B3B9D3E21B166AA009AE973 /* Project object */ = {
			isa = PBXProject;
			attributes = {
				LastSwiftUpdateCheck = 1010;
				LastUpgradeCheck = 1010;
				ORGANIZATIONNAME = DreamTeam;
				TargetAttributes = {
					4B3B9D4521B166AA009AE973 = {
						CreatedOnToolsVersion = 10.1;
					};
				};
			};
			buildConfigurationList = 4B3B9D4121B166AA009AE973 /* Build configuration list for PBXProject "VKNews" */;
			compatibilityVersion = "Xcode 9.3";
			developmentRegion = en;
			hasScannedForEncodings = 0;
			knownRegions = (
				en,
				Base,
			);
			mainGroup = 4B3B9D3D21B166AA009AE973;
			productRefGroup = 4B3B9D4721B166AA009AE973 /* Products */;
			projectDirPath = "";
			projectRoot = "";
			targets = (
				4B3B9D4521B166AA009AE973 /* VKNews */,
			);
		};
/* End PBXProject section */

/* Begin PBXResourcesBuildPhase section */
		4B3B9D4421B166AA009AE973 /* Resources */ = {
			isa = PBXResourcesBuildPhase;
			buildActionMask = 2147483647;
			files = (
				4B3B9D5721B166AC009AE973 /* LaunchScreen.storyboard in Resources */,
				4B3B9D5421B166AC009AE973 /* Assets.xcassets in Resources */,
				4B3B9D4F21B166AA009AE973 /* Main.storyboard in Resources */,
			);
			runOnlyForDeploymentPostprocessing = 0;
		};
/* End PBXResourcesBuildPhase section */

/* Begin PBXSourcesBuildPhase section */
		4B3B9D4221B166AA009AE973 /* Sources */ = {
			isa = PBXSourcesBuildPhase;
			buildActionMask = 2147483647;
			files = (
				4B8F83AE21B9A1CA00614EA0 /* VKUser.swift in Sources */,
				4BBEA2F821BE65A5009635BD /* Post+CoreDataClass.swift in Sources */,
				4B5C333621B2FE2C00886419 /* TabViewController.swift in Sources */,
				4B68877321B69EFA00B47920 /* VKNews.xcdatamodeld in Sources */,
				4BBEA2F921BE65A5009635BD /* Post+CoreDataProperties.swift in Sources */,
				4B5C333E21B303AB00886419 /* PostTableViewCell.swift in Sources */,
				4B3B9D4A21B166AA009AE973 /* AppDelegate.swift in Sources */,
				4BC8CEBC21BAFEED004DF6EA /* User+CoreDataClass.swift in Sources */,
				4B3B9D6C21B19497009AE973 /* RegistrationViewController.swift in Sources */,
				4B3B9D6821B16851009AE973 /* DataManager.swift in Sources */,
				4B5C333C21B302F600886419 /* FeedViewController.swift in Sources */,
				4B3B9D6F21B27819009AE973 /* Constants.swift in Sources */,
				4BC8CEBD21BAFEED004DF6EA /* User+CoreDataProperties.swift in Sources */,
				4B70B6C321B582F100722FC2 /* VKClient.swift in Sources */,
				4B964EB221B54FD900A08639 /* AuthWebViewController.swift in Sources */,
				4B9D2EE721BA5E2A005B0F3C /* UserProtocol.swift in Sources */,
				4B9D2EF421BA8D64005B0F3C /* PostProtocol.swift in Sources */,
				4BC8CED321BC3D96004DF6EA /* VKGroup.swift in Sources */,
				4B5C333A21B2FF9300886419 /* UserViewController.swift in Sources */,
				4B70B6C521B5866B00722FC2 /* VKManager.swift in Sources */,
				4BC8CEC121BBD09C004DF6EA /* UserResponseProtocol.swift in Sources */,
				4B1D7F2021B83868008AD64C /* VKPost.swift in Sources */,
				4B3B9D6621B1683A009AE973 /* RequestManager.swift in Sources */,
				4B0704B821BFAC2000B49FD2 /* Post+CoreDataProperties.swift in Sources */,
				4B3B9D6221B1681A009AE973 /* DataManagerProtocol.swift in Sources */,
				4BBEA2FB21BE6EFA009635BD /* GroupProtocol.swift in Sources */,
				4B3B9D6421B16830009AE973 /* RequestManagerProtocol.swift in Sources */,
				4BC8CEBF21BBD085004DF6EA /* PostResponseProtocol.swift in Sources */,
				4B5C333821B2FF8000886419 /* SettingsViewController.swift in Sources */,
				4B3B9D6A21B17502009AE973 /* SplashViewController.swift in Sources */,
			);
			runOnlyForDeploymentPostprocessing = 0;
		};
/* End PBXSourcesBuildPhase section */

/* Begin PBXVariantGroup section */
		4B3B9D4D21B166AA009AE973 /* Main.storyboard */ = {
			isa = PBXVariantGroup;
			children = (
				4B3B9D4E21B166AA009AE973 /* Base */,
			);
			name = Main.storyboard;
			sourceTree = "<group>";
		};
		4B3B9D5521B166AC009AE973 /* LaunchScreen.storyboard */ = {
			isa = PBXVariantGroup;
			children = (
				4B3B9D5621B166AC009AE973 /* Base */,
			);
			name = LaunchScreen.storyboard;
			sourceTree = "<group>";
		};
/* End PBXVariantGroup section */

/* Begin XCBuildConfiguration section */
		4B3B9D5921B166AC009AE973 /* Debug */ = {
			isa = XCBuildConfiguration;
			buildSettings = {
				ALWAYS_SEARCH_USER_PATHS = NO;
				CLANG_ANALYZER_NONNULL = YES;
				CLANG_ANALYZER_NUMBER_OBJECT_CONVERSION = YES_AGGRESSIVE;
				CLANG_CXX_LANGUAGE_STANDARD = "gnu++14";
				CLANG_CXX_LIBRARY = "libc++";
				CLANG_ENABLE_MODULES = YES;
				CLANG_ENABLE_OBJC_ARC = YES;
				CLANG_ENABLE_OBJC_WEAK = YES;
				CLANG_WARN_BLOCK_CAPTURE_AUTORELEASING = YES;
				CLANG_WARN_BOOL_CONVERSION = YES;
				CLANG_WARN_COMMA = YES;
				CLANG_WARN_CONSTANT_CONVERSION = YES;
				CLANG_WARN_DEPRECATED_OBJC_IMPLEMENTATIONS = YES;
				CLANG_WARN_DIRECT_OBJC_ISA_USAGE = YES_ERROR;
				CLANG_WARN_DOCUMENTATION_COMMENTS = YES;
				CLANG_WARN_EMPTY_BODY = YES;
				CLANG_WARN_ENUM_CONVERSION = YES;
				CLANG_WARN_INFINITE_RECURSION = YES;
				CLANG_WARN_INT_CONVERSION = YES;
				CLANG_WARN_NON_LITERAL_NULL_CONVERSION = YES;
				CLANG_WARN_OBJC_IMPLICIT_RETAIN_SELF = YES;
				CLANG_WARN_OBJC_LITERAL_CONVERSION = YES;
				CLANG_WARN_OBJC_ROOT_CLASS = YES_ERROR;
				CLANG_WARN_RANGE_LOOP_ANALYSIS = YES;
				CLANG_WARN_STRICT_PROTOTYPES = YES;
				CLANG_WARN_SUSPICIOUS_MOVE = YES;
				CLANG_WARN_UNGUARDED_AVAILABILITY = YES_AGGRESSIVE;
				CLANG_WARN_UNREACHABLE_CODE = YES;
				CLANG_WARN__DUPLICATE_METHOD_MATCH = YES;
				CODE_SIGN_IDENTITY = "iPhone Developer";
				COPY_PHASE_STRIP = NO;
				DEBUG_INFORMATION_FORMAT = dwarf;
				ENABLE_STRICT_OBJC_MSGSEND = YES;
				ENABLE_TESTABILITY = YES;
				GCC_C_LANGUAGE_STANDARD = gnu11;
				GCC_DYNAMIC_NO_PIC = NO;
				GCC_NO_COMMON_BLOCKS = YES;
				GCC_OPTIMIZATION_LEVEL = 0;
				GCC_PREPROCESSOR_DEFINITIONS = (
					"DEBUG=1",
					"$(inherited)",
				);
				GCC_WARN_64_TO_32_BIT_CONVERSION = YES;
				GCC_WARN_ABOUT_RETURN_TYPE = YES_ERROR;
				GCC_WARN_UNDECLARED_SELECTOR = YES;
				GCC_WARN_UNINITIALIZED_AUTOS = YES_AGGRESSIVE;
				GCC_WARN_UNUSED_FUNCTION = YES;
				GCC_WARN_UNUSED_VARIABLE = YES;
				IPHONEOS_DEPLOYMENT_TARGET = 12.1;
				MTL_ENABLE_DEBUG_INFO = INCLUDE_SOURCE;
				MTL_FAST_MATH = YES;
				ONLY_ACTIVE_ARCH = YES;
				SDKROOT = iphoneos;
				SWIFT_ACTIVE_COMPILATION_CONDITIONS = DEBUG;
				SWIFT_OPTIMIZATION_LEVEL = "-Onone";
			};
			name = Debug;
		};
		4B3B9D5A21B166AC009AE973 /* Release */ = {
			isa = XCBuildConfiguration;
			buildSettings = {
				ALWAYS_SEARCH_USER_PATHS = NO;
				CLANG_ANALYZER_NONNULL = YES;
				CLANG_ANALYZER_NUMBER_OBJECT_CONVERSION = YES_AGGRESSIVE;
				CLANG_CXX_LANGUAGE_STANDARD = "gnu++14";
				CLANG_CXX_LIBRARY = "libc++";
				CLANG_ENABLE_MODULES = YES;
				CLANG_ENABLE_OBJC_ARC = YES;
				CLANG_ENABLE_OBJC_WEAK = YES;
				CLANG_WARN_BLOCK_CAPTURE_AUTORELEASING = YES;
				CLANG_WARN_BOOL_CONVERSION = YES;
				CLANG_WARN_COMMA = YES;
				CLANG_WARN_CONSTANT_CONVERSION = YES;
				CLANG_WARN_DEPRECATED_OBJC_IMPLEMENTATIONS = YES;
				CLANG_WARN_DIRECT_OBJC_ISA_USAGE = YES_ERROR;
				CLANG_WARN_DOCUMENTATION_COMMENTS = YES;
				CLANG_WARN_EMPTY_BODY = YES;
				CLANG_WARN_ENUM_CONVERSION = YES;
				CLANG_WARN_INFINITE_RECURSION = YES;
				CLANG_WARN_INT_CONVERSION = YES;
				CLANG_WARN_NON_LITERAL_NULL_CONVERSION = YES;
				CLANG_WARN_OBJC_IMPLICIT_RETAIN_SELF = YES;
				CLANG_WARN_OBJC_LITERAL_CONVERSION = YES;
				CLANG_WARN_OBJC_ROOT_CLASS = YES_ERROR;
				CLANG_WARN_RANGE_LOOP_ANALYSIS = YES;
				CLANG_WARN_STRICT_PROTOTYPES = YES;
				CLANG_WARN_SUSPICIOUS_MOVE = YES;
				CLANG_WARN_UNGUARDED_AVAILABILITY = YES_AGGRESSIVE;
				CLANG_WARN_UNREACHABLE_CODE = YES;
				CLANG_WARN__DUPLICATE_METHOD_MATCH = YES;
				CODE_SIGN_IDENTITY = "iPhone Developer";
				COPY_PHASE_STRIP = NO;
				DEBUG_INFORMATION_FORMAT = "dwarf-with-dsym";
				ENABLE_NS_ASSERTIONS = NO;
				ENABLE_STRICT_OBJC_MSGSEND = YES;
				GCC_C_LANGUAGE_STANDARD = gnu11;
				GCC_NO_COMMON_BLOCKS = YES;
				GCC_WARN_64_TO_32_BIT_CONVERSION = YES;
				GCC_WARN_ABOUT_RETURN_TYPE = YES_ERROR;
				GCC_WARN_UNDECLARED_SELECTOR = YES;
				GCC_WARN_UNINITIALIZED_AUTOS = YES_AGGRESSIVE;
				GCC_WARN_UNUSED_FUNCTION = YES;
				GCC_WARN_UNUSED_VARIABLE = YES;
				IPHONEOS_DEPLOYMENT_TARGET = 12.1;
				MTL_ENABLE_DEBUG_INFO = NO;
				MTL_FAST_MATH = YES;
				SDKROOT = iphoneos;
				SWIFT_COMPILATION_MODE = wholemodule;
				SWIFT_OPTIMIZATION_LEVEL = "-O";
				VALIDATE_PRODUCT = YES;
			};
			name = Release;
		};
		4B3B9D5C21B166AC009AE973 /* Debug */ = {
			isa = XCBuildConfiguration;
			buildSettings = {
				ASSETCATALOG_COMPILER_APPICON_NAME = AppIcon;
				CODE_SIGN_STYLE = Automatic;
				DEVELOPMENT_TEAM = YFA5462W93;
				INFOPLIST_FILE = VKNews/Info.plist;
				LD_RUNPATH_SEARCH_PATHS = (
					"$(inherited)",
					"@executable_path/Frameworks",
				);
				PRODUCT_BUNDLE_IDENTIFIER = DreamTeam.VKNews;
				PRODUCT_NAME = "$(TARGET_NAME)";
				SWIFT_VERSION = 4.2;
				TARGETED_DEVICE_FAMILY = "1,2";
			};
			name = Debug;
		};
		4B3B9D5D21B166AC009AE973 /* Release */ = {
			isa = XCBuildConfiguration;
			buildSettings = {
				ASSETCATALOG_COMPILER_APPICON_NAME = AppIcon;
				CODE_SIGN_STYLE = Automatic;
				DEVELOPMENT_TEAM = YFA5462W93;
				INFOPLIST_FILE = VKNews/Info.plist;
				LD_RUNPATH_SEARCH_PATHS = (
					"$(inherited)",
					"@executable_path/Frameworks",
				);
				PRODUCT_BUNDLE_IDENTIFIER = DreamTeam.VKNews;
				PRODUCT_NAME = "$(TARGET_NAME)";
				SWIFT_VERSION = 4.2;
				TARGETED_DEVICE_FAMILY = "1,2";
			};
			name = Release;
		};
/* End XCBuildConfiguration section */

/* Begin XCConfigurationList section */
		4B3B9D4121B166AA009AE973 /* Build configuration list for PBXProject "VKNews" */ = {
			isa = XCConfigurationList;
			buildConfigurations = (
				4B3B9D5921B166AC009AE973 /* Debug */,
				4B3B9D5A21B166AC009AE973 /* Release */,
			);
			defaultConfigurationIsVisible = 0;
			defaultConfigurationName = Release;
		};
		4B3B9D5B21B166AC009AE973 /* Build configuration list for PBXNativeTarget "VKNews" */ = {
			isa = XCConfigurationList;
			buildConfigurations = (
				4B3B9D5C21B166AC009AE973 /* Debug */,
				4B3B9D5D21B166AC009AE973 /* Release */,
			);
			defaultConfigurationIsVisible = 0;
			defaultConfigurationName = Release;
		};
/* End XCConfigurationList section */

/* Begin XCVersionGroup section */
		4B68877121B69EFA00B47920 /* VKNews.xcdatamodeld */ = {
			isa = XCVersionGroup;
			children = (
				4BE3DFD821BEFDCA00582C49 /* VKNews v2.xcdatamodel */,
				4B68877221B69EFA00B47920 /* VKNews.xcdatamodel */,
			);
			currentVersion = 4BE3DFD821BEFDCA00582C49 /* VKNews v2.xcdatamodel */;
			path = VKNews.xcdatamodeld;
			sourceTree = "<group>";
			versionGroupType = wrapper.xcdatamodel;
		};
/* End XCVersionGroup section */
	};
	rootObject = 4B3B9D3E21B166AA009AE973 /* Project object */;
}
